
Microsoft Visual Studio Solution File, Format Version 12.00
# Visual Studio Version 17
VisualStudioVersion = 17.5.2.0
MinimumVisualStudioVersion = 10.0.40219.1
Project("{FAE04EC0-301F-11D3-BF4B-00C04F79EFBC}") = "Fido2Authentication.Web", "src/Fido2Authentication.Web/Fido2Authentication.Web.csproj", "{1C9673F2-D451-532F-3D55-DF402D47C307}"
EndProject
Project("{2150E333-8FDC-42A3-9474-1A3956D46DE8}") = "src", "src", "{827E0CD3-B72D-47B6-A68D-7590B98EB39B}"
EndProject
Project("{FAE04EC0-301F-11D3-BF4B-00C04F79EFBC}") = "Fido2Authentication.Business", "src\Fido2Authentication.Business\Fido2Authentication.Business.csproj", "{3C0A02DB-B255-4F2D-99A1-C53442957BA1}"
EndProject
Project("{FAE04EC0-301F-11D3-BF4B-00C04F79EFBC}") = "Fido2Authentication.Infrastructure", "src\Fido2Authentication.Infrastructure\Fido2Authentication.Infrastructure.csproj", "{1A5B9D0A-1886-4CC6-A9A1-C87A2A1ED521}"
EndProject
Project("{FAE04EC0-301F-11D3-BF4B-00C04F79EFBC}") = "Fido2Authentication.IoC", "src\Fido2Authentication.IoC\Fido2Authentication.IoC.csproj", "{10EEC46F-998F-4EFA-B860-0D80ECBFD9EA}"
EndProject
Global
	GlobalSection(SolutionConfigurationPlatforms) = preSolution
		Debug|Any CPU = Debug|Any CPU
		Debug|x64 = Debug|x64
		Debug|x86 = Debug|x86
		Release|Any CPU = Release|Any CPU
		Release|x64 = Release|x64
		Release|x86 = Release|x86
	EndGlobalSection
	GlobalSection(ProjectConfigurationPlatforms) = postSolution
		{1C9673F2-D451-532F-3D55-DF402D47C307}.Debug|Any CPU.ActiveCfg = Debug|Any CPU
		{1C9673F2-D451-532F-3D55-DF402D47C307}.Debug|Any CPU.Build.0 = Debug|Any CPU
		{1C9673F2-D451-532F-3D55-DF402D47C307}.Debug|x64.ActiveCfg = Debug|Any CPU
		{1C9673F2-D451-532F-3D55-DF402D47C307}.Debug|x64.Build.0 = Debug|Any CPU
		{1C9673F2-D451-532F-3D55-DF402D47C307}.Debug|x86.ActiveCfg = Debug|Any CPU
		{1C9673F2-D451-532F-3D55-DF402D47C307}.Debug|x86.Build.0 = Debug|Any CPU
		{1C9673F2-D451-532F-3D55-DF402D47C307}.Release|Any CPU.ActiveCfg = Release|Any CPU
		{1C9673F2-D451-532F-3D55-DF402D47C307}.Release|Any CPU.Build.0 = Release|Any CPU
		{1C9673F2-D451-532F-3D55-DF402D47C307}.Release|x64.ActiveCfg = Release|Any CPU
		{1C9673F2-D451-532F-3D55-DF402D47C307}.Release|x64.Build.0 = Release|Any CPU
		{1C9673F2-D451-532F-3D55-DF402D47C307}.Release|x86.ActiveCfg = Release|Any CPU
		{1C9673F2-D451-532F-3D55-DF402D47C307}.Release|x86.Build.0 = Release|Any CPU
		{3C0A02DB-B255-4F2D-99A1-C53442957BA1}.Debug|Any CPU.ActiveCfg = Debug|Any CPU
		{3C0A02DB-B255-4F2D-99A1-C53442957BA1}.Debug|Any CPU.Build.0 = Debug|Any CPU
		{3C0A02DB-B255-4F2D-99A1-C53442957BA1}.Debug|x64.ActiveCfg = Debug|Any CPU
		{3C0A02DB-B255-4F2D-99A1-C53442957BA1}.Debug|x64.Build.0 = Debug|Any CPU
		{3C0A02DB-B255-4F2D-99A1-C53442957BA1}.Debug|x86.ActiveCfg = Debug|Any CPU
		{3C0A02DB-B255-4F2D-99A1-C53442957BA1}.Debug|x86.Build.0 = Debug|Any CPU
		{3C0A02DB-B255-4F2D-99A1-C53442957BA1}.Release|Any CPU.ActiveCfg = Release|Any CPU
		{3C0A02DB-B255-4F2D-99A1-C53442957BA1}.Release|Any CPU.Build.0 = Release|Any CPU
		{3C0A02DB-B255-4F2D-99A1-C53442957BA1}.Release|x64.ActiveCfg = Release|Any CPU
		{3C0A02DB-B255-4F2D-99A1-C53442957BA1}.Release|x64.Build.0 = Release|Any CPU
		{3C0A02DB-B255-4F2D-99A1-C53442957BA1}.Release|x86.ActiveCfg = Release|Any CPU
		{3C0A02DB-B255-4F2D-99A1-C53442957BA1}.Release|x86.Build.0 = Release|Any CPU
		{1A5B9D0A-1886-4CC6-A9A1-C87A2A1ED521}.Debug|Any CPU.ActiveCfg = Debug|Any CPU
		{1A5B9D0A-1886-4CC6-A9A1-C87A2A1ED521}.Debug|Any CPU.Build.0 = Debug|Any CPU
		{1A5B9D0A-1886-4CC6-A9A1-C87A2A1ED521}.Debug|x64.ActiveCfg = Debug|Any CPU
		{1A5B9D0A-1886-4CC6-A9A1-C87A2A1ED521}.Debug|x64.Build.0 = Debug|Any CPU
		{1A5B9D0A-1886-4CC6-A9A1-C87A2A1ED521}.Debug|x86.ActiveCfg = Debug|Any CPU
		{1A5B9D0A-1886-4CC6-A9A1-C87A2A1ED521}.Debug|x86.Build.0 = Debug|Any CPU
		{1A5B9D0A-1886-4CC6-A9A1-C87A2A1ED521}.Release|Any CPU.ActiveCfg = Release|Any CPU
		{1A5B9D0A-1886-4CC6-A9A1-C87A2A1ED521}.Release|Any CPU.Build.0 = Release|Any CPU
		{1A5B9D0A-1886-4CC6-A9A1-C87A2A1ED521}.Release|x64.ActiveCfg = Release|Any CPU
		{1A5B9D0A-1886-4CC6-A9A1-C87A2A1ED521}.Release|x64.Build.0 = Release|Any CPU
		{1A5B9D0A-1886-4CC6-A9A1-C87A2A1ED521}.Release|x86.ActiveCfg = Release|Any CPU
		{1A5B9D0A-1886-4CC6-A9A1-C87A2A1ED521}.Release|x86.Build.0 = Release|Any CPU
		{10EEC46F-998F-4EFA-B860-0D80ECBFD9EA}.Debug|Any CPU.ActiveCfg = Debug|Any CPU
		{10EEC46F-998F-4EFA-B860-0D80ECBFD9EA}.Debug|Any CPU.Build.0 = Debug|Any CPU
		{10EEC46F-998F-4EFA-B860-0D80ECBFD9EA}.Debug|x64.ActiveCfg = Debug|Any CPU
		{10EEC46F-998F-4EFA-B860-0D80ECBFD9EA}.Debug|x64.Build.0 = Debug|Any CPU
		{10EEC46F-998F-4EFA-B860-0D80ECBFD9EA}.Debug|x86.ActiveCfg = Debug|Any CPU
		{10EEC46F-998F-4EFA-B860-0D80ECBFD9EA}.Debug|x86.Build.0 = Debug|Any CPU
		{10EEC46F-998F-4EFA-B860-0D80ECBFD9EA}.Release|Any CPU.ActiveCfg = Release|Any CPU
		{10EEC46F-998F-4EFA-B860-0D80ECBFD9EA}.Release|Any CPU.Build.0 = Release|Any CPU
		{10EEC46F-998F-4EFA-B860-0D80ECBFD9EA}.Release|x64.ActiveCfg = Release|Any CPU
		{10EEC46F-998F-4EFA-B860-0D80ECBFD9EA}.Release|x64.Build.0 = Release|Any CPU
		{10EEC46F-998F-4EFA-B860-0D80ECBFD9EA}.Release|x86.ActiveCfg = Release|Any CPU
		{10EEC46F-998F-4EFA-B860-0D80ECBFD9EA}.Release|x86.Build.0 = Release|Any CPU
	EndGlobalSection
	GlobalSection(SolutionProperties) = preSolution
		HideSolutionNode = FALSE
	EndGlobalSection
	GlobalSection(NestedProjects) = preSolution
		{3C0A02DB-B255-4F2D-99A1-C53442957BA1} = {827E0CD3-B72D-47B6-A68D-7590B98EB39B}
		{1A5B9D0A-1886-4CC6-A9A1-C87A2A1ED521} = {827E0CD3-B72D-47B6-A68D-7590B98EB39B}
		{10EEC46F-998F-4EFA-B860-0D80ECBFD9EA} = {827E0CD3-B72D-47B6-A68D-7590B98EB39B}
	EndGlobalSection
	GlobalSection(ExtensibilityGlobals) = postSolution
		SolutionGuid = {E76868B4-B1DE-4180-917C-B137818B82EF}
	EndGlobalSection
EndGlobal
